
Microsoft Visual Studio Solution File, Format Version 12.00
# Visual Studio Version 17
VisualStudioVersion = 17.6.33712.159
MinimumVisualStudioVersion = 10.0.40219.1
Project("{FAE04EC0-301F-11D3-BF4B-00C04F79EFBC}") = "TripSplitAPI", "TripSplitAPI\TripSplitAPI.csproj", "{689C05C1-A502-4CE1-8F86-DA04BBC11F5E}"
EndProject
Project("{FAE04EC0-301F-11D3-BF4B-00C04F79EFBC}") = "TripSplit.Domain", "TripSplit.Domain\TripSplit.Domain.csproj", "{743DE370-8231-4D12-B3F3-2074B4F437A7}"
EndProject
Project("{FAE04EC0-301F-11D3-BF4B-00C04F79EFBC}") = "TripSplit.DataAccess", "TripSplit.DataAccess\TripSplit.DataAccess.csproj", "{8C824689-8E02-49C3-BC39-38DE99EE9EEC}"
EndProject
Project("{FAE04EC0-301F-11D3-BF4B-00C04F79EFBC}") = "TripSplit.Controller", "TripSplit.Controller\TripSplit.Controller.csproj", "{7E0B4A54-5E7A-48B7-9F24-061BC2ACDF52}"
EndProject
Project("{FAE04EC0-301F-11D3-BF4B-00C04F79EFBC}") = "TripSplit.Application", "TripSplit.Application\TripSplit.Application.csproj", "{B75CDCD3-3E2E-4436-881B-EAF5FD1CE9EA}"
EndProject
Global
	GlobalSection(SolutionConfigurationPlatforms) = preSolution
		Debug|Any CPU = Debug|Any CPU
		Release|Any CPU = Release|Any CPU
	EndGlobalSection
	GlobalSection(ProjectConfigurationPlatforms) = postSolution
		{689C05C1-A502-4CE1-8F86-DA04BBC11F5E}.Debug|Any CPU.ActiveCfg = Debug|Any CPU
		{689C05C1-A502-4CE1-8F86-DA04BBC11F5E}.Debug|Any CPU.Build.0 = Debug|Any CPU
		{689C05C1-A502-4CE1-8F86-DA04BBC11F5E}.Release|Any CPU.ActiveCfg = Release|Any CPU
		{689C05C1-A502-4CE1-8F86-DA04BBC11F5E}.Release|Any CPU.Build.0 = Release|Any CPU
		{743DE370-8231-4D12-B3F3-2074B4F437A7}.Debug|Any CPU.ActiveCfg = Debug|Any CPU
		{743DE370-8231-4D12-B3F3-2074B4F437A7}.Debug|Any CPU.Build.0 = Debug|Any CPU
		{743DE370-8231-4D12-B3F3-2074B4F437A7}.Release|Any CPU.ActiveCfg = Release|Any CPU
		{743DE370-8231-4D12-B3F3-2074B4F437A7}.Release|Any CPU.Build.0 = Release|Any CPU
		{8C824689-8E02-49C3-BC39-38DE99EE9EEC}.Debug|Any CPU.ActiveCfg = Debug|Any CPU
		{8C824689-8E02-49C3-BC39-38DE99EE9EEC}.Debug|Any CPU.Build.0 = Debug|Any CPU
		{8C824689-8E02-49C3-BC39-38DE99EE9EEC}.Release|Any CPU.ActiveCfg = Release|Any CPU
		{8C824689-8E02-49C3-BC39-38DE99EE9EEC}.Release|Any CPU.Build.0 = Release|Any CPU
		{7E0B4A54-5E7A-48B7-9F24-061BC2ACDF52}.Debug|Any CPU.ActiveCfg = Debug|Any CPU
		{7E0B4A54-5E7A-48B7-9F24-061BC2ACDF52}.Debug|Any CPU.Build.0 = Debug|Any CPU
		{7E0B4A54-5E7A-48B7-9F24-061BC2ACDF52}.Release|Any CPU.ActiveCfg = Release|Any CPU
		{7E0B4A54-5E7A-48B7-9F24-061BC2ACDF52}.Release|Any CPU.Build.0 = Release|Any CPU
		{B75CDCD3-3E2E-4436-881B-EAF5FD1CE9EA}.Debug|Any CPU.ActiveCfg = Debug|Any CPU
		{B75CDCD3-3E2E-4436-881B-EAF5FD1CE9EA}.Debug|Any CPU.Build.0 = Debug|Any CPU
		{B75CDCD3-3E2E-4436-881B-EAF5FD1CE9EA}.Release|Any CPU.ActiveCfg = Release|Any CPU
		{B75CDCD3-3E2E-4436-881B-EAF5FD1CE9EA}.Release|Any CPU.Build.0 = Release|Any CPU
	EndGlobalSection
	GlobalSection(SolutionProperties) = preSolution
		HideSolutionNode = FALSE
	EndGlobalSection
	GlobalSection(ExtensibilityGlobals) = postSolution
		SolutionGuid = {D32A27F7-ED41-409C-B683-B5BDDFD7CDC9}
	EndGlobalSection
EndGlobal
